
Microsoft Visual Studio Solution File, Format Version 12.00
# Visual Studio Version 16
VisualStudioVersion = 16.0.31624.102
MinimumVisualStudioVersion = 10.0.40219.1
Project("{FAE04EC0-301F-11D3-BF4B-00C04F79EFBC}") = "W2_L7_T13", "W2_L7_T13\W2_L7_T13.csproj", "{F7F68660-3536-4B7B-97FD-3049CE54FD9E}"
EndProject
Global
	GlobalSection(SolutionConfigurationPlatforms) = preSolution
		Debug|Any CPU = Debug|Any CPU
		Release|Any CPU = Release|Any CPU
	EndGlobalSection
	GlobalSection(ProjectConfigurationPlatforms) = postSolution
		{F7F68660-3536-4B7B-97FD-3049CE54FD9E}.Debug|Any CPU.ActiveCfg = Debug|Any CPU
		{F7F68660-3536-4B7B-97FD-3049CE54FD9E}.Debug|Any CPU.Build.0 = Debug|Any CPU
		{F7F68660-3536-4B7B-97FD-3049CE54FD9E}.Release|Any CPU.ActiveCfg = Release|Any CPU
		{F7F68660-3536-4B7B-97FD-3049CE54FD9E}.Release|Any CPU.Build.0 = Release|Any CPU
	EndGlobalSection
	GlobalSection(SolutionProperties) = preSolution
		HideSolutionNode = FALSE
	EndGlobalSection
	GlobalSection(ExtensibilityGlobals) = postSolution
		SolutionGuid = {415E480F-FE00-4735-BB5B-445C2E2DD315}
	EndGlobalSection
EndGlobal
