
Microsoft Visual Studio Solution File, Format Version 12.00
# Visual Studio Version 16
VisualStudioVersion = 16.0.31624.102
MinimumVisualStudioVersion = 10.0.40219.1
Project("{FAE04EC0-301F-11D3-BF4B-00C04F79EFBC}") = "W2_L4_T3", "W2_L4_T3\W2_L4_T3.csproj", "{69970B6D-FF07-46EA-81E9-5F6CCA7C602B}"
EndProject
Global
	GlobalSection(SolutionConfigurationPlatforms) = preSolution
		Debug|Any CPU = Debug|Any CPU
		Release|Any CPU = Release|Any CPU
	EndGlobalSection
	GlobalSection(ProjectConfigurationPlatforms) = postSolution
		{69970B6D-FF07-46EA-81E9-5F6CCA7C602B}.Debug|Any CPU.ActiveCfg = Debug|Any CPU
		{69970B6D-FF07-46EA-81E9-5F6CCA7C602B}.Debug|Any CPU.Build.0 = Debug|Any CPU
		{69970B6D-FF07-46EA-81E9-5F6CCA7C602B}.Release|Any CPU.ActiveCfg = Release|Any CPU
		{69970B6D-FF07-46EA-81E9-5F6CCA7C602B}.Release|Any CPU.Build.0 = Release|Any CPU
	EndGlobalSection
	GlobalSection(SolutionProperties) = preSolution
		HideSolutionNode = FALSE
	EndGlobalSection
	GlobalSection(ExtensibilityGlobals) = postSolution
		SolutionGuid = {D77A786B-36BF-4D49-81C7-869E62C968A8}
	EndGlobalSection
EndGlobal
