
Microsoft Visual Studio Solution File, Format Version 12.00
# Visual Studio Version 16
VisualStudioVersion = 16.0.31624.102
MinimumVisualStudioVersion = 10.0.40219.1
Project("{FAE04EC0-301F-11D3-BF4B-00C04F79EFBC}") = "W2_L7_T4", "W2_L7_T4\W2_L7_T4.csproj", "{74BC8EFA-BD67-4B44-A946-39ABAB80CB4F}"
EndProject
Global
	GlobalSection(SolutionConfigurationPlatforms) = preSolution
		Debug|Any CPU = Debug|Any CPU
		Release|Any CPU = Release|Any CPU
	EndGlobalSection
	GlobalSection(ProjectConfigurationPlatforms) = postSolution
		{74BC8EFA-BD67-4B44-A946-39ABAB80CB4F}.Debug|Any CPU.ActiveCfg = Debug|Any CPU
		{74BC8EFA-BD67-4B44-A946-39ABAB80CB4F}.Debug|Any CPU.Build.0 = Debug|Any CPU
		{74BC8EFA-BD67-4B44-A946-39ABAB80CB4F}.Release|Any CPU.ActiveCfg = Release|Any CPU
		{74BC8EFA-BD67-4B44-A946-39ABAB80CB4F}.Release|Any CPU.Build.0 = Release|Any CPU
	EndGlobalSection
	GlobalSection(SolutionProperties) = preSolution
		HideSolutionNode = FALSE
	EndGlobalSection
	GlobalSection(ExtensibilityGlobals) = postSolution
		SolutionGuid = {731E15E7-C534-4063-ABEF-DA1468146ACC}
	EndGlobalSection
EndGlobal
