
Microsoft Visual Studio Solution File, Format Version 12.00
# Visual Studio Version 16
VisualStudioVersion = 16.0.31624.102
MinimumVisualStudioVersion = 10.0.40219.1
Project("{FAE04EC0-301F-11D3-BF4B-00C04F79EFBC}") = "W2_L7_T1", "W2_L7_T1\W2_L7_T1.csproj", "{5D98829B-634B-43C5-B219-6F548713E86B}"
EndProject
Global
	GlobalSection(SolutionConfigurationPlatforms) = preSolution
		Debug|Any CPU = Debug|Any CPU
		Release|Any CPU = Release|Any CPU
	EndGlobalSection
	GlobalSection(ProjectConfigurationPlatforms) = postSolution
		{5D98829B-634B-43C5-B219-6F548713E86B}.Debug|Any CPU.ActiveCfg = Debug|Any CPU
		{5D98829B-634B-43C5-B219-6F548713E86B}.Debug|Any CPU.Build.0 = Debug|Any CPU
		{5D98829B-634B-43C5-B219-6F548713E86B}.Release|Any CPU.ActiveCfg = Release|Any CPU
		{5D98829B-634B-43C5-B219-6F548713E86B}.Release|Any CPU.Build.0 = Release|Any CPU
	EndGlobalSection
	GlobalSection(SolutionProperties) = preSolution
		HideSolutionNode = FALSE
	EndGlobalSection
	GlobalSection(ExtensibilityGlobals) = postSolution
		SolutionGuid = {5B7C217E-460A-4F11-873A-01DD29EF93C8}
	EndGlobalSection
EndGlobal
