
Microsoft Visual Studio Solution File, Format Version 12.00
# Visual Studio Version 16
VisualStudioVersion = 16.0.31624.102
MinimumVisualStudioVersion = 10.0.40219.1
Project("{FAE04EC0-301F-11D3-BF4B-00C04F79EFBC}") = "W2_L7_T8", "C:\Users\marek\source\repos\W2_L7_T8\W2_L7_T8\W2_L7_T8.csproj", "{D1772378-7DF1-4B68-A060-62D6D1135AED}"
EndProject
Global
	GlobalSection(SolutionConfigurationPlatforms) = preSolution
		Debug|Any CPU = Debug|Any CPU
		Release|Any CPU = Release|Any CPU
	EndGlobalSection
	GlobalSection(ProjectConfigurationPlatforms) = postSolution
		{D1772378-7DF1-4B68-A060-62D6D1135AED}.Debug|Any CPU.ActiveCfg = Debug|Any CPU
		{D1772378-7DF1-4B68-A060-62D6D1135AED}.Debug|Any CPU.Build.0 = Debug|Any CPU
		{D1772378-7DF1-4B68-A060-62D6D1135AED}.Release|Any CPU.ActiveCfg = Release|Any CPU
		{D1772378-7DF1-4B68-A060-62D6D1135AED}.Release|Any CPU.Build.0 = Release|Any CPU
	EndGlobalSection
	GlobalSection(SolutionProperties) = preSolution
		HideSolutionNode = FALSE
	EndGlobalSection
	GlobalSection(ExtensibilityGlobals) = postSolution
		SolutionGuid = {C607785A-FA07-4018-A477-54D1516C1FE5}
	EndGlobalSection
EndGlobal
